
Microsoft Visual Studio Solution File, Format Version 12.00
# Visual Studio Version 16
VisualStudioVersion = 16.0.29613.14
MinimumVisualStudioVersion = 10.0.40219.1
Project("{FAE04EC0-301F-11D3-BF4B-00C04F79EFBC}") = "Chapter 2", "FirstApp\Chapter 2.csproj", "{5CC658C6-C090-4006-A6B6-B4A3C948DC30}"
EndProject
Project("{FAE04EC0-301F-11D3-BF4B-00C04F79EFBC}") = "Chapter 3", "Chapter 3\Chapter 3.csproj", "{69F54706-D6D9-4F82-9202-C4458677CBE8}"
EndProject
Project("{FAE04EC0-301F-11D3-BF4B-00C04F79EFBC}") = "Chapter 4", "Chapter 4\Chapter 4.csproj", "{BBEDE8A5-4BB1-41CB-AD97-34D2CA1A6B81}"
EndProject
Project("{FAE04EC0-301F-11D3-BF4B-00C04F79EFBC}") = "Chapter 5", "Chapter 5\Chapter 5.csproj", "{8E3C90B7-386C-4860-8F83-C9DBA2B59490}"
EndProject
Project("{FAE04EC0-301F-11D3-BF4B-00C04F79EFBC}") = "Chapter 6", "Chapter 6\Chapter 6.csproj", "{082F73DB-AF4F-4923-9F42-E5F68B281833}"
EndProject
Project("{FAE04EC0-301F-11D3-BF4B-00C04F79EFBC}") = "Chapter 7", "Chapter 7\Chapter 7.csproj", "{DFB12D0A-B2B2-4EAE-ADA2-5CC9EF14AFBA}"
EndProject
Project("{FAE04EC0-301F-11D3-BF4B-00C04F79EFBC}") = "Chapter 8", "Chapter 8\Chapter 8.csproj", "{DDA18B9F-7D37-4692-BA76-45D22C5C0B25}"
EndProject
Project("{FAE04EC0-301F-11D3-BF4B-00C04F79EFBC}") = "Chapter 9", "Chapter 9\Chapter 9.csproj", "{91791BD9-5911-4D3A-A19C-FB058FCF749B}"
EndProject
Project("{FAE04EC0-301F-11D3-BF4B-00C04F79EFBC}") = "Chapter 10", "Chapter 10\Chapter 10.csproj", "{6BDFD2EB-0C9F-44DB-9E67-2BEE9319E09F}"
EndProject
Global
	GlobalSection(SolutionConfigurationPlatforms) = preSolution
		Debug|ARM = Debug|ARM
		Debug|ARM64 = Debug|ARM64
		Debug|x64 = Debug|x64
		Debug|x86 = Debug|x86
		Release|ARM = Release|ARM
		Release|ARM64 = Release|ARM64
		Release|x64 = Release|x64
		Release|x86 = Release|x86
	EndGlobalSection
	GlobalSection(ProjectConfigurationPlatforms) = postSolution
		{5CC658C6-C090-4006-A6B6-B4A3C948DC30}.Debug|ARM.ActiveCfg = Debug|ARM
		{5CC658C6-C090-4006-A6B6-B4A3C948DC30}.Debug|ARM.Build.0 = Debug|ARM
		{5CC658C6-C090-4006-A6B6-B4A3C948DC30}.Debug|ARM.Deploy.0 = Debug|ARM
		{5CC658C6-C090-4006-A6B6-B4A3C948DC30}.Debug|ARM64.ActiveCfg = Debug|ARM64
		{5CC658C6-C090-4006-A6B6-B4A3C948DC30}.Debug|ARM64.Build.0 = Debug|ARM64
		{5CC658C6-C090-4006-A6B6-B4A3C948DC30}.Debug|ARM64.Deploy.0 = Debug|ARM64
		{5CC658C6-C090-4006-A6B6-B4A3C948DC30}.Debug|x64.ActiveCfg = Debug|x64
		{5CC658C6-C090-4006-A6B6-B4A3C948DC30}.Debug|x64.Build.0 = Debug|x64
		{5CC658C6-C090-4006-A6B6-B4A3C948DC30}.Debug|x64.Deploy.0 = Debug|x64
		{5CC658C6-C090-4006-A6B6-B4A3C948DC30}.Debug|x86.ActiveCfg = Debug|x86
		{5CC658C6-C090-4006-A6B6-B4A3C948DC30}.Debug|x86.Build.0 = Debug|x86
		{5CC658C6-C090-4006-A6B6-B4A3C948DC30}.Debug|x86.Deploy.0 = Debug|x86
		{5CC658C6-C090-4006-A6B6-B4A3C948DC30}.Release|ARM.ActiveCfg = Release|ARM
		{5CC658C6-C090-4006-A6B6-B4A3C948DC30}.Release|ARM.Build.0 = Release|ARM
		{5CC658C6-C090-4006-A6B6-B4A3C948DC30}.Release|ARM.Deploy.0 = Release|ARM
		{5CC658C6-C090-4006-A6B6-B4A3C948DC30}.Release|ARM64.ActiveCfg = Release|ARM64
		{5CC658C6-C090-4006-A6B6-B4A3C948DC30}.Release|ARM64.Build.0 = Release|ARM64
		{5CC658C6-C090-4006-A6B6-B4A3C948DC30}.Release|ARM64.Deploy.0 = Release|ARM64
		{5CC658C6-C090-4006-A6B6-B4A3C948DC30}.Release|x64.ActiveCfg = Release|x64
		{5CC658C6-C090-4006-A6B6-B4A3C948DC30}.Release|x64.Build.0 = Release|x64
		{5CC658C6-C090-4006-A6B6-B4A3C948DC30}.Release|x64.Deploy.0 = Release|x64
		{5CC658C6-C090-4006-A6B6-B4A3C948DC30}.Release|x86.ActiveCfg = Release|x86
		{5CC658C6-C090-4006-A6B6-B4A3C948DC30}.Release|x86.Build.0 = Release|x86
		{5CC658C6-C090-4006-A6B6-B4A3C948DC30}.Release|x86.Deploy.0 = Release|x86
		{69F54706-D6D9-4F82-9202-C4458677CBE8}.Debug|ARM.ActiveCfg = Debug|ARM
		{69F54706-D6D9-4F82-9202-C4458677CBE8}.Debug|ARM.Build.0 = Debug|ARM
		{69F54706-D6D9-4F82-9202-C4458677CBE8}.Debug|ARM.Deploy.0 = Debug|ARM
		{69F54706-D6D9-4F82-9202-C4458677CBE8}.Debug|ARM64.ActiveCfg = Debug|ARM64
		{69F54706-D6D9-4F82-9202-C4458677CBE8}.Debug|ARM64.Build.0 = Debug|ARM64
		{69F54706-D6D9-4F82-9202-C4458677CBE8}.Debug|ARM64.Deploy.0 = Debug|ARM64
		{69F54706-D6D9-4F82-9202-C4458677CBE8}.Debug|x64.ActiveCfg = Debug|x64
		{69F54706-D6D9-4F82-9202-C4458677CBE8}.Debug|x64.Build.0 = Debug|x64
		{69F54706-D6D9-4F82-9202-C4458677CBE8}.Debug|x64.Deploy.0 = Debug|x64
		{69F54706-D6D9-4F82-9202-C4458677CBE8}.Debug|x86.ActiveCfg = Debug|x86
		{69F54706-D6D9-4F82-9202-C4458677CBE8}.Debug|x86.Build.0 = Debug|x86
		{69F54706-D6D9-4F82-9202-C4458677CBE8}.Debug|x86.Deploy.0 = Debug|x86
		{69F54706-D6D9-4F82-9202-C4458677CBE8}.Release|ARM.ActiveCfg = Release|ARM
		{69F54706-D6D9-4F82-9202-C4458677CBE8}.Release|ARM.Build.0 = Release|ARM
		{69F54706-D6D9-4F82-9202-C4458677CBE8}.Release|ARM.Deploy.0 = Release|ARM
		{69F54706-D6D9-4F82-9202-C4458677CBE8}.Release|ARM64.ActiveCfg = Release|ARM64
		{69F54706-D6D9-4F82-9202-C4458677CBE8}.Release|ARM64.Build.0 = Release|ARM64
		{69F54706-D6D9-4F82-9202-C4458677CBE8}.Release|ARM64.Deploy.0 = Release|ARM64
		{69F54706-D6D9-4F82-9202-C4458677CBE8}.Release|x64.ActiveCfg = Release|x64
		{69F54706-D6D9-4F82-9202-C4458677CBE8}.Release|x64.Build.0 = Release|x64
		{69F54706-D6D9-4F82-9202-C4458677CBE8}.Release|x64.Deploy.0 = Release|x64
		{69F54706-D6D9-4F82-9202-C4458677CBE8}.Release|x86.ActiveCfg = Release|x86
		{69F54706-D6D9-4F82-9202-C4458677CBE8}.Release|x86.Build.0 = Release|x86
		{69F54706-D6D9-4F82-9202-C4458677CBE8}.Release|x86.Deploy.0 = Release|x86
		{BBEDE8A5-4BB1-41CB-AD97-34D2CA1A6B81}.Debug|ARM.ActiveCfg = Debug|ARM
		{BBEDE8A5-4BB1-41CB-AD97-34D2CA1A6B81}.Debug|ARM.Build.0 = Debug|ARM
		{BBEDE8A5-4BB1-41CB-AD97-34D2CA1A6B81}.Debug|ARM.Deploy.0 = Debug|ARM
		{BBEDE8A5-4BB1-41CB-AD97-34D2CA1A6B81}.Debug|ARM64.ActiveCfg = Debug|ARM64
		{BBEDE8A5-4BB1-41CB-AD97-34D2CA1A6B81}.Debug|ARM64.Build.0 = Debug|ARM64
		{BBEDE8A5-4BB1-41CB-AD97-34D2CA1A6B81}.Debug|ARM64.Deploy.0 = Debug|ARM64
		{BBEDE8A5-4BB1-41CB-AD97-34D2CA1A6B81}.Debug|x64.ActiveCfg = Debug|x64
		{BBEDE8A5-4BB1-41CB-AD97-34D2CA1A6B81}.Debug|x64.Build.0 = Debug|x64
		{BBEDE8A5-4BB1-41CB-AD97-34D2CA1A6B81}.Debug|x64.Deploy.0 = Debug|x64
		{BBEDE8A5-4BB1-41CB-AD97-34D2CA1A6B81}.Debug|x86.ActiveCfg = Debug|x86
		{BBEDE8A5-4BB1-41CB-AD97-34D2CA1A6B81}.Debug|x86.Build.0 = Debug|x86
		{BBEDE8A5-4BB1-41CB-AD97-34D2CA1A6B81}.Debug|x86.Deploy.0 = Debug|x86
		{BBEDE8A5-4BB1-41CB-AD97-34D2CA1A6B81}.Release|ARM.ActiveCfg = Release|ARM
		{BBEDE8A5-4BB1-41CB-AD97-34D2CA1A6B81}.Release|ARM.Build.0 = Release|ARM
		{BBEDE8A5-4BB1-41CB-AD97-34D2CA1A6B81}.Release|ARM.Deploy.0 = Release|ARM
		{BBEDE8A5-4BB1-41CB-AD97-34D2CA1A6B81}.Release|ARM64.ActiveCfg = Release|ARM64
		{BBEDE8A5-4BB1-41CB-AD97-34D2CA1A6B81}.Release|ARM64.Build.0 = Release|ARM64
		{BBEDE8A5-4BB1-41CB-AD97-34D2CA1A6B81}.Release|ARM64.Deploy.0 = Release|ARM64
		{BBEDE8A5-4BB1-41CB-AD97-34D2CA1A6B81}.Release|x64.ActiveCfg = Release|x64
		{BBEDE8A5-4BB1-41CB-AD97-34D2CA1A6B81}.Release|x64.Build.0 = Release|x64
		{BBEDE8A5-4BB1-41CB-AD97-34D2CA1A6B81}.Release|x64.Deploy.0 = Release|x64
		{BBEDE8A5-4BB1-41CB-AD97-34D2CA1A6B81}.Release|x86.ActiveCfg = Release|x86
		{BBEDE8A5-4BB1-41CB-AD97-34D2CA1A6B81}.Release|x86.Build.0 = Release|x86
		{BBEDE8A5-4BB1-41CB-AD97-34D2CA1A6B81}.Release|x86.Deploy.0 = Release|x86
		{8E3C90B7-386C-4860-8F83-C9DBA2B59490}.Debug|ARM.ActiveCfg = Debug|ARM
		{8E3C90B7-386C-4860-8F83-C9DBA2B59490}.Debug|ARM.Build.0 = Debug|ARM
		{8E3C90B7-386C-4860-8F83-C9DBA2B59490}.Debug|ARM.Deploy.0 = Debug|ARM
		{8E3C90B7-386C-4860-8F83-C9DBA2B59490}.Debug|ARM64.ActiveCfg = Debug|ARM64
		{8E3C90B7-386C-4860-8F83-C9DBA2B59490}.Debug|ARM64.Build.0 = Debug|ARM64
		{8E3C90B7-386C-4860-8F83-C9DBA2B59490}.Debug|ARM64.Deploy.0 = Debug|ARM64
		{8E3C90B7-386C-4860-8F83-C9DBA2B59490}.Debug|x64.ActiveCfg = Debug|x64
		{8E3C90B7-386C-4860-8F83-C9DBA2B59490}.Debug|x64.Build.0 = Debug|x64
		{8E3C90B7-386C-4860-8F83-C9DBA2B59490}.Debug|x64.Deploy.0 = Debug|x64
		{8E3C90B7-386C-4860-8F83-C9DBA2B59490}.Debug|x86.ActiveCfg = Debug|x86
		{8E3C90B7-386C-4860-8F83-C9DBA2B59490}.Debug|x86.Build.0 = Debug|x86
		{8E3C90B7-386C-4860-8F83-C9DBA2B59490}.Debug|x86.Deploy.0 = Debug|x86
		{8E3C90B7-386C-4860-8F83-C9DBA2B59490}.Release|ARM.ActiveCfg = Release|ARM
		{8E3C90B7-386C-4860-8F83-C9DBA2B59490}.Release|ARM.Build.0 = Release|ARM
		{8E3C90B7-386C-4860-8F83-C9DBA2B59490}.Release|ARM.Deploy.0 = Release|ARM
		{8E3C90B7-386C-4860-8F83-C9DBA2B59490}.Release|ARM64.ActiveCfg = Release|ARM64
		{8E3C90B7-386C-4860-8F83-C9DBA2B59490}.Release|ARM64.Build.0 = Release|ARM64
		{8E3C90B7-386C-4860-8F83-C9DBA2B59490}.Release|ARM64.Deploy.0 = Release|ARM64
		{8E3C90B7-386C-4860-8F83-C9DBA2B59490}.Release|x64.ActiveCfg = Release|x64
		{8E3C90B7-386C-4860-8F83-C9DBA2B59490}.Release|x64.Build.0 = Release|x64
		{8E3C90B7-386C-4860-8F83-C9DBA2B59490}.Release|x64.Deploy.0 = Release|x64
		{8E3C90B7-386C-4860-8F83-C9DBA2B59490}.Release|x86.ActiveCfg = Release|x86
		{8E3C90B7-386C-4860-8F83-C9DBA2B59490}.Release|x86.Build.0 = Release|x86
		{8E3C90B7-386C-4860-8F83-C9DBA2B59490}.Release|x86.Deploy.0 = Release|x86
		{082F73DB-AF4F-4923-9F42-E5F68B281833}.Debug|ARM.ActiveCfg = Debug|ARM
		{082F73DB-AF4F-4923-9F42-E5F68B281833}.Debug|ARM.Build.0 = Debug|ARM
		{082F73DB-AF4F-4923-9F42-E5F68B281833}.Debug|ARM.Deploy.0 = Debug|ARM
		{082F73DB-AF4F-4923-9F42-E5F68B281833}.Debug|ARM64.ActiveCfg = Debug|ARM64
		{082F73DB-AF4F-4923-9F42-E5F68B281833}.Debug|ARM64.Build.0 = Debug|ARM64
		{082F73DB-AF4F-4923-9F42-E5F68B281833}.Debug|ARM64.Deploy.0 = Debug|ARM64
		{082F73DB-AF4F-4923-9F42-E5F68B281833}.Debug|x64.ActiveCfg = Debug|x64
		{082F73DB-AF4F-4923-9F42-E5F68B281833}.Debug|x64.Build.0 = Debug|x64
		{082F73DB-AF4F-4923-9F42-E5F68B281833}.Debug|x64.Deploy.0 = Debug|x64
		{082F73DB-AF4F-4923-9F42-E5F68B281833}.Debug|x86.ActiveCfg = Debug|x86
		{082F73DB-AF4F-4923-9F42-E5F68B281833}.Debug|x86.Build.0 = Debug|x86
		{082F73DB-AF4F-4923-9F42-E5F68B281833}.Debug|x86.Deploy.0 = Debug|x86
		{082F73DB-AF4F-4923-9F42-E5F68B281833}.Release|ARM.ActiveCfg = Release|ARM
		{082F73DB-AF4F-4923-9F42-E5F68B281833}.Release|ARM.Build.0 = Release|ARM
		{082F73DB-AF4F-4923-9F42-E5F68B281833}.Release|ARM.Deploy.0 = Release|ARM
		{082F73DB-AF4F-4923-9F42-E5F68B281833}.Release|ARM64.ActiveCfg = Release|ARM64
		{082F73DB-AF4F-4923-9F42-E5F68B281833}.Release|ARM64.Build.0 = Release|ARM64
		{082F73DB-AF4F-4923-9F42-E5F68B281833}.Release|ARM64.Deploy.0 = Release|ARM64
		{082F73DB-AF4F-4923-9F42-E5F68B281833}.Release|x64.ActiveCfg = Release|x64
		{082F73DB-AF4F-4923-9F42-E5F68B281833}.Release|x64.Build.0 = Release|x64
		{082F73DB-AF4F-4923-9F42-E5F68B281833}.Release|x64.Deploy.0 = Release|x64
		{082F73DB-AF4F-4923-9F42-E5F68B281833}.Release|x86.ActiveCfg = Release|x86
		{082F73DB-AF4F-4923-9F42-E5F68B281833}.Release|x86.Build.0 = Release|x86
		{082F73DB-AF4F-4923-9F42-E5F68B281833}.Release|x86.Deploy.0 = Release|x86
		{DFB12D0A-B2B2-4EAE-ADA2-5CC9EF14AFBA}.Debug|ARM.ActiveCfg = Debug|ARM
		{DFB12D0A-B2B2-4EAE-ADA2-5CC9EF14AFBA}.Debug|ARM.Build.0 = Debug|ARM
		{DFB12D0A-B2B2-4EAE-ADA2-5CC9EF14AFBA}.Debug|ARM.Deploy.0 = Debug|ARM
		{DFB12D0A-B2B2-4EAE-ADA2-5CC9EF14AFBA}.Debug|ARM64.ActiveCfg = Debug|ARM64
		{DFB12D0A-B2B2-4EAE-ADA2-5CC9EF14AFBA}.Debug|ARM64.Build.0 = Debug|ARM64
		{DFB12D0A-B2B2-4EAE-ADA2-5CC9EF14AFBA}.Debug|ARM64.Deploy.0 = Debug|ARM64
		{DFB12D0A-B2B2-4EAE-ADA2-5CC9EF14AFBA}.Debug|x64.ActiveCfg = Debug|x64
		{DFB12D0A-B2B2-4EAE-ADA2-5CC9EF14AFBA}.Debug|x64.Build.0 = Debug|x64
		{DFB12D0A-B2B2-4EAE-ADA2-5CC9EF14AFBA}.Debug|x64.Deploy.0 = Debug|x64
		{DFB12D0A-B2B2-4EAE-ADA2-5CC9EF14AFBA}.Debug|x86.ActiveCfg = Debug|x86
		{DFB12D0A-B2B2-4EAE-ADA2-5CC9EF14AFBA}.Debug|x86.Build.0 = Debug|x86
		{DFB12D0A-B2B2-4EAE-ADA2-5CC9EF14AFBA}.Debug|x86.Deploy.0 = Debug|x86
		{DFB12D0A-B2B2-4EAE-ADA2-5CC9EF14AFBA}.Release|ARM.ActiveCfg = Release|ARM
		{DFB12D0A-B2B2-4EAE-ADA2-5CC9EF14AFBA}.Release|ARM.Build.0 = Release|ARM
		{DFB12D0A-B2B2-4EAE-ADA2-5CC9EF14AFBA}.Release|ARM.Deploy.0 = Release|ARM
		{DFB12D0A-B2B2-4EAE-ADA2-5CC9EF14AFBA}.Release|ARM64.ActiveCfg = Release|ARM64
		{DFB12D0A-B2B2-4EAE-ADA2-5CC9EF14AFBA}.Release|ARM64.Build.0 = Release|ARM64
		{DFB12D0A-B2B2-4EAE-ADA2-5CC9EF14AFBA}.Release|ARM64.Deploy.0 = Release|ARM64
		{DFB12D0A-B2B2-4EAE-ADA2-5CC9EF14AFBA}.Release|x64.ActiveCfg = Release|x64
		{DFB12D0A-B2B2-4EAE-ADA2-5CC9EF14AFBA}.Release|x64.Build.0 = Release|x64
		{DFB12D0A-B2B2-4EAE-ADA2-5CC9EF14AFBA}.Release|x64.Deploy.0 = Release|x64
		{DFB12D0A-B2B2-4EAE-ADA2-5CC9EF14AFBA}.Release|x86.ActiveCfg = Release|x86
		{DFB12D0A-B2B2-4EAE-ADA2-5CC9EF14AFBA}.Release|x86.Build.0 = Release|x86
		{DFB12D0A-B2B2-4EAE-ADA2-5CC9EF14AFBA}.Release|x86.Deploy.0 = Release|x86
		{DDA18B9F-7D37-4692-BA76-45D22C5C0B25}.Debug|ARM.ActiveCfg = Debug|ARM
		{DDA18B9F-7D37-4692-BA76-45D22C5C0B25}.Debug|ARM.Build.0 = Debug|ARM
		{DDA18B9F-7D37-4692-BA76-45D22C5C0B25}.Debug|ARM.Deploy.0 = Debug|ARM
		{DDA18B9F-7D37-4692-BA76-45D22C5C0B25}.Debug|ARM64.ActiveCfg = Debug|ARM64
		{DDA18B9F-7D37-4692-BA76-45D22C5C0B25}.Debug|ARM64.Build.0 = Debug|ARM64
		{DDA18B9F-7D37-4692-BA76-45D22C5C0B25}.Debug|ARM64.Deploy.0 = Debug|ARM64
		{DDA18B9F-7D37-4692-BA76-45D22C5C0B25}.Debug|x64.ActiveCfg = Debug|x64
		{DDA18B9F-7D37-4692-BA76-45D22C5C0B25}.Debug|x64.Build.0 = Debug|x64
		{DDA18B9F-7D37-4692-BA76-45D22C5C0B25}.Debug|x64.Deploy.0 = Debug|x64
		{DDA18B9F-7D37-4692-BA76-45D22C5C0B25}.Debug|x86.ActiveCfg = Debug|x86
		{DDA18B9F-7D37-4692-BA76-45D22C5C0B25}.Debug|x86.Build.0 = Debug|x86
		{DDA18B9F-7D37-4692-BA76-45D22C5C0B25}.Debug|x86.Deploy.0 = Debug|x86
		{DDA18B9F-7D37-4692-BA76-45D22C5C0B25}.Release|ARM.ActiveCfg = Release|ARM
		{DDA18B9F-7D37-4692-BA76-45D22C5C0B25}.Release|ARM.Build.0 = Release|ARM
		{DDA18B9F-7D37-4692-BA76-45D22C5C0B25}.Release|ARM.Deploy.0 = Release|ARM
		{DDA18B9F-7D37-4692-BA76-45D22C5C0B25}.Release|ARM64.ActiveCfg = Release|ARM64
		{DDA18B9F-7D37-4692-BA76-45D22C5C0B25}.Release|ARM64.Build.0 = Release|ARM64
		{DDA18B9F-7D37-4692-BA76-45D22C5C0B25}.Release|ARM64.Deploy.0 = Release|ARM64
		{DDA18B9F-7D37-4692-BA76-45D22C5C0B25}.Release|x64.ActiveCfg = Release|x64
		{DDA18B9F-7D37-4692-BA76-45D22C5C0B25}.Release|x64.Build.0 = Release|x64
		{DDA18B9F-7D37-4692-BA76-45D22C5C0B25}.Release|x64.Deploy.0 = Release|x64
		{DDA18B9F-7D37-4692-BA76-45D22C5C0B25}.Release|x86.ActiveCfg = Release|x86
		{DDA18B9F-7D37-4692-BA76-45D22C5C0B25}.Release|x86.Build.0 = Release|x86
		{DDA18B9F-7D37-4692-BA76-45D22C5C0B25}.Release|x86.Deploy.0 = Release|x86
		{91791BD9-5911-4D3A-A19C-FB058FCF749B}.Debug|ARM.ActiveCfg = Debug|ARM
		{91791BD9-5911-4D3A-A19C-FB058FCF749B}.Debug|ARM.Build.0 = Debug|ARM
		{91791BD9-5911-4D3A-A19C-FB058FCF749B}.Debug|ARM.Deploy.0 = Debug|ARM
		{91791BD9-5911-4D3A-A19C-FB058FCF749B}.Debug|ARM64.ActiveCfg = Debug|ARM64
		{91791BD9-5911-4D3A-A19C-FB058FCF749B}.Debug|ARM64.Build.0 = Debug|ARM64
		{91791BD9-5911-4D3A-A19C-FB058FCF749B}.Debug|ARM64.Deploy.0 = Debug|ARM64
		{91791BD9-5911-4D3A-A19C-FB058FCF749B}.Debug|x64.ActiveCfg = Debug|x64
		{91791BD9-5911-4D3A-A19C-FB058FCF749B}.Debug|x64.Build.0 = Debug|x64
		{91791BD9-5911-4D3A-A19C-FB058FCF749B}.Debug|x64.Deploy.0 = Debug|x64
		{91791BD9-5911-4D3A-A19C-FB058FCF749B}.Debug|x86.ActiveCfg = Debug|x86
		{91791BD9-5911-4D3A-A19C-FB058FCF749B}.Debug|x86.Build.0 = Debug|x86
		{91791BD9-5911-4D3A-A19C-FB058FCF749B}.Debug|x86.Deploy.0 = Debug|x86
		{91791BD9-5911-4D3A-A19C-FB058FCF749B}.Release|ARM.ActiveCfg = Release|ARM
		{91791BD9-5911-4D3A-A19C-FB058FCF749B}.Release|ARM.Build.0 = Release|ARM
		{91791BD9-5911-4D3A-A19C-FB058FCF749B}.Release|ARM.Deploy.0 = Release|ARM
		{91791BD9-5911-4D3A-A19C-FB058FCF749B}.Release|ARM64.ActiveCfg = Release|ARM64
		{91791BD9-5911-4D3A-A19C-FB058FCF749B}.Release|ARM64.Build.0 = Release|ARM64
		{91791BD9-5911-4D3A-A19C-FB058FCF749B}.Release|ARM64.Deploy.0 = Release|ARM64
		{91791BD9-5911-4D3A-A19C-FB058FCF749B}.Release|x64.ActiveCfg = Release|x64
		{91791BD9-5911-4D3A-A19C-FB058FCF749B}.Release|x64.Build.0 = Release|x64
		{91791BD9-5911-4D3A-A19C-FB058FCF749B}.Release|x64.Deploy.0 = Release|x64
		{91791BD9-5911-4D3A-A19C-FB058FCF749B}.Release|x86.ActiveCfg = Release|x86
		{91791BD9-5911-4D3A-A19C-FB058FCF749B}.Release|x86.Build.0 = Release|x86
		{91791BD9-5911-4D3A-A19C-FB058FCF749B}.Release|x86.Deploy.0 = Release|x86
		{6BDFD2EB-0C9F-44DB-9E67-2BEE9319E09F}.Debug|ARM.ActiveCfg = Debug|ARM
		{6BDFD2EB-0C9F-44DB-9E67-2BEE9319E09F}.Debug|ARM.Build.0 = Debug|ARM
		{6BDFD2EB-0C9F-44DB-9E67-2BEE9319E09F}.Debug|ARM.Deploy.0 = Debug|ARM
		{6BDFD2EB-0C9F-44DB-9E67-2BEE9319E09F}.Debug|ARM64.ActiveCfg = Debug|ARM64
		{6BDFD2EB-0C9F-44DB-9E67-2BEE9319E09F}.Debug|ARM64.Build.0 = Debug|ARM64
		{6BDFD2EB-0C9F-44DB-9E67-2BEE9319E09F}.Debug|ARM64.Deploy.0 = Debug|ARM64
		{6BDFD2EB-0C9F-44DB-9E67-2BEE9319E09F}.Debug|x64.ActiveCfg = Debug|x64
		{6BDFD2EB-0C9F-44DB-9E67-2BEE9319E09F}.Debug|x64.Build.0 = Debug|x64
		{6BDFD2EB-0C9F-44DB-9E67-2BEE9319E09F}.Debug|x64.Deploy.0 = Debug|x64
		{6BDFD2EB-0C9F-44DB-9E67-2BEE9319E09F}.Debug|x86.ActiveCfg = Debug|x86
		{6BDFD2EB-0C9F-44DB-9E67-2BEE9319E09F}.Debug|x86.Build.0 = Debug|x86
		{6BDFD2EB-0C9F-44DB-9E67-2BEE9319E09F}.Debug|x86.Deploy.0 = Debug|x86
		{6BDFD2EB-0C9F-44DB-9E67-2BEE9319E09F}.Release|ARM.ActiveCfg = Release|ARM
		{6BDFD2EB-0C9F-44DB-9E67-2BEE9319E09F}.Release|ARM.Build.0 = Release|ARM
		{6BDFD2EB-0C9F-44DB-9E67-2BEE9319E09F}.Release|ARM.Deploy.0 = Release|ARM
		{6BDFD2EB-0C9F-44DB-9E67-2BEE9319E09F}.Release|ARM64.ActiveCfg = Release|ARM64
		{6BDFD2EB-0C9F-44DB-9E67-2BEE9319E09F}.Release|ARM64.Build.0 = Release|ARM64
		{6BDFD2EB-0C9F-44DB-9E67-2BEE9319E09F}.Release|ARM64.Deploy.0 = Release|ARM64
		{6BDFD2EB-0C9F-44DB-9E67-2BEE9319E09F}.Release|x64.ActiveCfg = Release|x64
		{6BDFD2EB-0C9F-44DB-9E67-2BEE9319E09F}.Release|x64.Build.0 = Release|x64
		{6BDFD2EB-0C9F-44DB-9E67-2BEE9319E09F}.Release|x64.Deploy.0 = Release|x64
		{6BDFD2EB-0C9F-44DB-9E67-2BEE9319E09F}.Release|x86.ActiveCfg = Release|x86
		{6BDFD2EB-0C9F-44DB-9E67-2BEE9319E09F}.Release|x86.Build.0 = Release|x86
		{6BDFD2EB-0C9F-44DB-9E67-2BEE9319E09F}.Release|x86.Deploy.0 = Release|x86
	EndGlobalSection
	GlobalSection(SolutionProperties) = preSolution
		HideSolutionNode = FALSE
	EndGlobalSection
	GlobalSection(ExtensibilityGlobals) = postSolution
		SolutionGuid = {20BC476C-9322-4C68-9D07-3C1BF5EE9F0F}
	EndGlobalSection
EndGlobal
