
Microsoft Visual Studio Solution File, Format Version 12.00
# Visual Studio Version 16
VisualStudioVersion = 16.0.29613.14
MinimumVisualStudioVersion = 10.0.40219.1
Project("{FAE04EC0-301F-11D3-BF4B-00C04F79EFBC}") = "Chapter 2", "FirstApp\Chapter 2.csproj", "{5CC658C6-C090-4006-A6B6-B4A3C948DC30}"
EndProject
Project("{FAE04EC0-301F-11D3-BF4B-00C04F79EFBC}") = "Chapter 3", "Chapter 3\Chapter 3.csproj", "{69F54706-D6D9-4F82-9202-C4458677CBE8}"
EndProject
Project("{FAE04EC0-301F-11D3-BF4B-00C04F79EFBC}") = "Chapter 4", "Chapter 4\Chapter 4.csproj", "{BBEDE8A5-4BB1-41CB-AD97-34D2CA1A6B81}"
EndProject
Global
	GlobalSection(SolutionConfigurationPlatforms) = preSolution
		Debug|ARM = Debug|ARM
		Debug|ARM64 = Debug|ARM64
		Debug|x64 = Debug|x64
		Debug|x86 = Debug|x86
		Release|ARM = Release|ARM
		Release|ARM64 = Release|ARM64
		Release|x64 = Release|x64
		Release|x86 = Release|x86
	EndGlobalSection
	GlobalSection(ProjectConfigurationPlatforms) = postSolution
		{5CC658C6-C090-4006-A6B6-B4A3C948DC30}.Debug|ARM.ActiveCfg = Debug|ARM
		{5CC658C6-C090-4006-A6B6-B4A3C948DC30}.Debug|ARM.Build.0 = Debug|ARM
		{5CC658C6-C090-4006-A6B6-B4A3C948DC30}.Debug|ARM.Deploy.0 = Debug|ARM
		{5CC658C6-C090-4006-A6B6-B4A3C948DC30}.Debug|ARM64.ActiveCfg = Debug|ARM64
		{5CC658C6-C090-4006-A6B6-B4A3C948DC30}.Debug|ARM64.Build.0 = Debug|ARM64
		{5CC658C6-C090-4006-A6B6-B4A3C948DC30}.Debug|ARM64.Deploy.0 = Debug|ARM64
		{5CC658C6-C090-4006-A6B6-B4A3C948DC30}.Debug|x64.ActiveCfg = Debug|x64
		{5CC658C6-C090-4006-A6B6-B4A3C948DC30}.Debug|x64.Build.0 = Debug|x64
		{5CC658C6-C090-4006-A6B6-B4A3C948DC30}.Debug|x64.Deploy.0 = Debug|x64
		{5CC658C6-C090-4006-A6B6-B4A3C948DC30}.Debug|x86.ActiveCfg = Debug|x86
		{5CC658C6-C090-4006-A6B6-B4A3C948DC30}.Debug|x86.Build.0 = Debug|x86
		{5CC658C6-C090-4006-A6B6-B4A3C948DC30}.Debug|x86.Deploy.0 = Debug|x86
		{5CC658C6-C090-4006-A6B6-B4A3C948DC30}.Release|ARM.ActiveCfg = Release|ARM
		{5CC658C6-C090-4006-A6B6-B4A3C948DC30}.Release|ARM.Build.0 = Release|ARM
		{5CC658C6-C090-4006-A6B6-B4A3C948DC30}.Release|ARM.Deploy.0 = Release|ARM
		{5CC658C6-C090-4006-A6B6-B4A3C948DC30}.Release|ARM64.ActiveCfg = Release|ARM64
		{5CC658C6-C090-4006-A6B6-B4A3C948DC30}.Release|ARM64.Build.0 = Release|ARM64
		{5CC658C6-C090-4006-A6B6-B4A3C948DC30}.Release|ARM64.Deploy.0 = Release|ARM64
		{5CC658C6-C090-4006-A6B6-B4A3C948DC30}.Release|x64.ActiveCfg = Release|x64
		{5CC658C6-C090-4006-A6B6-B4A3C948DC30}.Release|x64.Build.0 = Release|x64
		{5CC658C6-C090-4006-A6B6-B4A3C948DC30}.Release|x64.Deploy.0 = Release|x64
		{5CC658C6-C090-4006-A6B6-B4A3C948DC30}.Release|x86.ActiveCfg = Release|x86
		{5CC658C6-C090-4006-A6B6-B4A3C948DC30}.Release|x86.Build.0 = Release|x86
		{5CC658C6-C090-4006-A6B6-B4A3C948DC30}.Release|x86.Deploy.0 = Release|x86
		{69F54706-D6D9-4F82-9202-C4458677CBE8}.Debug|ARM.ActiveCfg = Debug|ARM
		{69F54706-D6D9-4F82-9202-C4458677CBE8}.Debug|ARM.Build.0 = Debug|ARM
		{69F54706-D6D9-4F82-9202-C4458677CBE8}.Debug|ARM.Deploy.0 = Debug|ARM
		{69F54706-D6D9-4F82-9202-C4458677CBE8}.Debug|ARM64.ActiveCfg = Debug|ARM64
		{69F54706-D6D9-4F82-9202-C4458677CBE8}.Debug|ARM64.Build.0 = Debug|ARM64
		{69F54706-D6D9-4F82-9202-C4458677CBE8}.Debug|ARM64.Deploy.0 = Debug|ARM64
		{69F54706-D6D9-4F82-9202-C4458677CBE8}.Debug|x64.ActiveCfg = Debug|x64
		{69F54706-D6D9-4F82-9202-C4458677CBE8}.Debug|x64.Build.0 = Debug|x64
		{69F54706-D6D9-4F82-9202-C4458677CBE8}.Debug|x64.Deploy.0 = Debug|x64
		{69F54706-D6D9-4F82-9202-C4458677CBE8}.Debug|x86.ActiveCfg = Debug|x86
		{69F54706-D6D9-4F82-9202-C4458677CBE8}.Debug|x86.Build.0 = Debug|x86
		{69F54706-D6D9-4F82-9202-C4458677CBE8}.Debug|x86.Deploy.0 = Debug|x86
		{69F54706-D6D9-4F82-9202-C4458677CBE8}.Release|ARM.ActiveCfg = Release|ARM
		{69F54706-D6D9-4F82-9202-C4458677CBE8}.Release|ARM.Build.0 = Release|ARM
		{69F54706-D6D9-4F82-9202-C4458677CBE8}.Release|ARM.Deploy.0 = Release|ARM
		{69F54706-D6D9-4F82-9202-C4458677CBE8}.Release|ARM64.ActiveCfg = Release|ARM64
		{69F54706-D6D9-4F82-9202-C4458677CBE8}.Release|ARM64.Build.0 = Release|ARM64
		{69F54706-D6D9-4F82-9202-C4458677CBE8}.Release|ARM64.Deploy.0 = Release|ARM64
		{69F54706-D6D9-4F82-9202-C4458677CBE8}.Release|x64.ActiveCfg = Release|x64
		{69F54706-D6D9-4F82-9202-C4458677CBE8}.Release|x64.Build.0 = Release|x64
		{69F54706-D6D9-4F82-9202-C4458677CBE8}.Release|x64.Deploy.0 = Release|x64
		{69F54706-D6D9-4F82-9202-C4458677CBE8}.Release|x86.ActiveCfg = Release|x86
		{69F54706-D6D9-4F82-9202-C4458677CBE8}.Release|x86.Build.0 = Release|x86
		{69F54706-D6D9-4F82-9202-C4458677CBE8}.Release|x86.Deploy.0 = Release|x86
		{BBEDE8A5-4BB1-41CB-AD97-34D2CA1A6B81}.Debug|ARM.ActiveCfg = Debug|ARM
		{BBEDE8A5-4BB1-41CB-AD97-34D2CA1A6B81}.Debug|ARM.Build.0 = Debug|ARM
		{BBEDE8A5-4BB1-41CB-AD97-34D2CA1A6B81}.Debug|ARM.Deploy.0 = Debug|ARM
		{BBEDE8A5-4BB1-41CB-AD97-34D2CA1A6B81}.Debug|ARM64.ActiveCfg = Debug|ARM64
		{BBEDE8A5-4BB1-41CB-AD97-34D2CA1A6B81}.Debug|ARM64.Build.0 = Debug|ARM64
		{BBEDE8A5-4BB1-41CB-AD97-34D2CA1A6B81}.Debug|ARM64.Deploy.0 = Debug|ARM64
		{BBEDE8A5-4BB1-41CB-AD97-34D2CA1A6B81}.Debug|x64.ActiveCfg = Debug|x64
		{BBEDE8A5-4BB1-41CB-AD97-34D2CA1A6B81}.Debug|x64.Build.0 = Debug|x64
		{BBEDE8A5-4BB1-41CB-AD97-34D2CA1A6B81}.Debug|x64.Deploy.0 = Debug|x64
		{BBEDE8A5-4BB1-41CB-AD97-34D2CA1A6B81}.Debug|x86.ActiveCfg = Debug|x86
		{BBEDE8A5-4BB1-41CB-AD97-34D2CA1A6B81}.Debug|x86.Build.0 = Debug|x86
		{BBEDE8A5-4BB1-41CB-AD97-34D2CA1A6B81}.Debug|x86.Deploy.0 = Debug|x86
		{BBEDE8A5-4BB1-41CB-AD97-34D2CA1A6B81}.Release|ARM.ActiveCfg = Release|ARM
		{BBEDE8A5-4BB1-41CB-AD97-34D2CA1A6B81}.Release|ARM.Build.0 = Release|ARM
		{BBEDE8A5-4BB1-41CB-AD97-34D2CA1A6B81}.Release|ARM.Deploy.0 = Release|ARM
		{BBEDE8A5-4BB1-41CB-AD97-34D2CA1A6B81}.Release|ARM64.ActiveCfg = Release|ARM64
		{BBEDE8A5-4BB1-41CB-AD97-34D2CA1A6B81}.Release|ARM64.Build.0 = Release|ARM64
		{BBEDE8A5-4BB1-41CB-AD97-34D2CA1A6B81}.Release|ARM64.Deploy.0 = Release|ARM64
		{BBEDE8A5-4BB1-41CB-AD97-34D2CA1A6B81}.Release|x64.ActiveCfg = Release|x64
		{BBEDE8A5-4BB1-41CB-AD97-34D2CA1A6B81}.Release|x64.Build.0 = Release|x64
		{BBEDE8A5-4BB1-41CB-AD97-34D2CA1A6B81}.Release|x64.Deploy.0 = Release|x64
		{BBEDE8A5-4BB1-41CB-AD97-34D2CA1A6B81}.Release|x86.ActiveCfg = Release|x86
		{BBEDE8A5-4BB1-41CB-AD97-34D2CA1A6B81}.Release|x86.Build.0 = Release|x86
		{BBEDE8A5-4BB1-41CB-AD97-34D2CA1A6B81}.Release|x86.Deploy.0 = Release|x86
	EndGlobalSection
	GlobalSection(SolutionProperties) = preSolution
		HideSolutionNode = FALSE
	EndGlobalSection
	GlobalSection(ExtensibilityGlobals) = postSolution
		SolutionGuid = {20BC476C-9322-4C68-9D07-3C1BF5EE9F0F}
	EndGlobalSection
EndGlobal
